
Microsoft Visual Studio Solution File, Format Version 12.00
# Visual Studio Version 17
VisualStudioVersion = 17.7.34031.279
MinimumVisualStudioVersion = 10.0.40219.1
Project("{FAE04EC0-301F-11D3-BF4B-00C04F79EFBC}") = "EF", "EF\EF.csproj", "{1F261F61-C536-452E-817C-8E8D7BCEDE98}"
EndProject
Global
	GlobalSection(SolutionConfigurationPlatforms) = preSolution
		Debug|Any CPU = Debug|Any CPU
		Release|Any CPU = Release|Any CPU
	EndGlobalSection
	GlobalSection(ProjectConfigurationPlatforms) = postSolution
		{1F261F61-C536-452E-817C-8E8D7BCEDE98}.Debug|Any CPU.ActiveCfg = Debug|Any CPU
		{1F261F61-C536-452E-817C-8E8D7BCEDE98}.Debug|Any CPU.Build.0 = Debug|Any CPU
		{1F261F61-C536-452E-817C-8E8D7BCEDE98}.Release|Any CPU.ActiveCfg = Release|Any CPU
		{1F261F61-C536-452E-817C-8E8D7BCEDE98}.Release|Any CPU.Build.0 = Release|Any CPU
	EndGlobalSection
	GlobalSection(SolutionProperties) = preSolution
		HideSolutionNode = FALSE
	EndGlobalSection
	GlobalSection(ExtensibilityGlobals) = postSolution
		SolutionGuid = {C5D08619-EFE2-4398-A29A-91835DAD996A}
	EndGlobalSection
EndGlobal
